
Microsoft Visual Studio Solution File, Format Version 12.00
# Visual Studio Version 16
VisualStudioVersion = 16.0.30621.155
MinimumVisualStudioVersion = 10.0.40219.1
Project("{FAE04EC0-301F-11D3-BF4B-00C04F79EFBC}") = "vk", "vk\vk.csproj", "{62693DED-2129-43F1-A45C-DF44CB3A532E}"
EndProject
Global
	GlobalSection(SolutionConfigurationPlatforms) = preSolution
		Debug|Any CPU = Debug|Any CPU
		Release|Any CPU = Release|Any CPU
	EndGlobalSection
	GlobalSection(ProjectConfigurationPlatforms) = postSolution
		{62693DED-2129-43F1-A45C-DF44CB3A532E}.Debug|Any CPU.ActiveCfg = Debug|Any CPU
		{62693DED-2129-43F1-A45C-DF44CB3A532E}.Debug|Any CPU.Build.0 = Debug|Any CPU
		{62693DED-2129-43F1-A45C-DF44CB3A532E}.Release|Any CPU.ActiveCfg = Release|Any CPU
		{62693DED-2129-43F1-A45C-DF44CB3A532E}.Release|Any CPU.Build.0 = Release|Any CPU
	EndGlobalSection
	GlobalSection(SolutionProperties) = preSolution
		HideSolutionNode = FALSE
	EndGlobalSection
	GlobalSection(ExtensibilityGlobals) = postSolution
		SolutionGuid = {92A55DB4-319C-415E-A85B-80446193A58F}
	EndGlobalSection
EndGlobal
